
Microsoft Visual Studio Solution File, Format Version 12.00
# Visual Studio Version 17
VisualStudioVersion = 17.9.34728.123
MinimumVisualStudioVersion = 10.0.40219.1
Project("{FAE04EC0-301F-11D3-BF4B-00C04F79EFBC}") = "SQL-Personel-Kayit", "SQL-Personel-Kayit\SQL-Personel-Kayit.csproj", "{46D91C3D-7684-4F41-A454-171CFBBEF0E2}"
EndProject
Global
	GlobalSection(SolutionConfigurationPlatforms) = preSolution
		Debug|Any CPU = Debug|Any CPU
		Release|Any CPU = Release|Any CPU
	EndGlobalSection
	GlobalSection(ProjectConfigurationPlatforms) = postSolution
		{46D91C3D-7684-4F41-A454-171CFBBEF0E2}.Debug|Any CPU.ActiveCfg = Debug|Any CPU
		{46D91C3D-7684-4F41-A454-171CFBBEF0E2}.Debug|Any CPU.Build.0 = Debug|Any CPU
		{46D91C3D-7684-4F41-A454-171CFBBEF0E2}.Release|Any CPU.ActiveCfg = Release|Any CPU
		{46D91C3D-7684-4F41-A454-171CFBBEF0E2}.Release|Any CPU.Build.0 = Release|Any CPU
	EndGlobalSection
	GlobalSection(SolutionProperties) = preSolution
		HideSolutionNode = FALSE
	EndGlobalSection
	GlobalSection(ExtensibilityGlobals) = postSolution
		SolutionGuid = {FBFB53B3-7AB3-44DD-B7CA-B720D81A2D37}
	EndGlobalSection
EndGlobal
